// !$*UTF8*$!
{
	archiveVersion = 1;
	classes = {
	};
	objectVersion = 51;
	objects = {

/* Begin PBXBuildFile section */
		971C42C22397D0D100E249A8 /* PickerViewController.swift in Sources */ = {isa = PBXBuildFile; fileRef = 971C42C12397D0D100E249A8 /* PickerViewController.swift */; };
		971C42ED239A4A3C00E249A8 /* Model.swift in Sources */ = {isa = PBXBuildFile; fileRef = 971C42EC239A4A3C00E249A8 /* Model.swift */; };
		971C42EF239DEB4200E249A8 /* helper.swift in Sources */ = {isa = PBXBuildFile; fileRef = 971C42EE239DEB4200E249A8 /* helper.swift */; };
		974E3DB423D17601007A7A6E /* DatabaseNutriMe.swift in Sources */ = {isa = PBXBuildFile; fileRef = 974E3DB323D17601007A7A6E /* DatabaseNutriMe.swift */; };
		974E3DB623D6EA56007A7A6E /* LoginViewController.swift in Sources */ = {isa = PBXBuildFile; fileRef = 974E3DB523D6EA56007A7A6E /* LoginViewController.swift */; };
		974E3DB923D7FC00007A7A6E /* RecomendationViewController.swift in Sources */ = {isa = PBXBuildFile; fileRef = 974E3DB823D7FC00007A7A6E /* RecomendationViewController.swift */; };
		974E3DBB23D94067007A7A6E /* ConnectionCheck.swift in Sources */ = {isa = PBXBuildFile; fileRef = 974E3DBA23D94067007A7A6E /* ConnectionCheck.swift */; };
		9778A4D2237E936500E93BA1 /* AppDelegate.swift in Sources */ = {isa = PBXBuildFile; fileRef = 9778A4D1237E936500E93BA1 /* AppDelegate.swift */; };
		9778A4D4237E936500E93BA1 /* SceneDelegate.swift in Sources */ = {isa = PBXBuildFile; fileRef = 9778A4D3237E936500E93BA1 /* SceneDelegate.swift */; };
		9778A4D6237E936500E93BA1 /* ViewController.swift in Sources */ = {isa = PBXBuildFile; fileRef = 9778A4D5237E936500E93BA1 /* ViewController.swift */; };
		9778A4D9237E936500E93BA1 /* Main.storyboard in Resources */ = {isa = PBXBuildFile; fileRef = 9778A4D7237E936500E93BA1 /* Main.storyboard */; };
		9778A4DC237E936500E93BA1 /* NutriMe_Project.xcdatamodeld in Sources */ = {isa = PBXBuildFile; fileRef = 9778A4DA237E936500E93BA1 /* NutriMe_Project.xcdatamodeld */; };
		9778A4DE237E936900E93BA1 /* Assets.xcassets in Resources */ = {isa = PBXBuildFile; fileRef = 9778A4DD237E936900E93BA1 /* Assets.xcassets */; };
		9778A4E1237E936900E93BA1 /* LaunchScreen.storyboard in Resources */ = {isa = PBXBuildFile; fileRef = 9778A4DF237E936900E93BA1 /* LaunchScreen.storyboard */; };
		9778A4EE237E978E00E93BA1 /* rekomendasiTableViewCell.swift in Sources */ = {isa = PBXBuildFile; fileRef = 9778A4EC237E978E00E93BA1 /* rekomendasiTableViewCell.swift */; };
		9778A4EF237E978E00E93BA1 /* rekomendasiTableViewCell.xib in Resources */ = {isa = PBXBuildFile; fileRef = 9778A4ED237E978E00E93BA1 /* rekomendasiTableViewCell.xib */; };
		9778A4F2237E99A200E93BA1 /* giziTableViewCell.swift in Sources */ = {isa = PBXBuildFile; fileRef = 9778A4F0237E99A200E93BA1 /* giziTableViewCell.swift */; };
		9778A4F3237E99A200E93BA1 /* giziTableViewCell.xib in Resources */ = {isa = PBXBuildFile; fileRef = 9778A4F1237E99A200E93BA1 /* giziTableViewCell.xib */; };
		9778A4F6237E9B1100E93BA1 /* mineralTableViewCell.swift in Sources */ = {isa = PBXBuildFile; fileRef = 9778A4F4237E9B1100E93BA1 /* mineralTableViewCell.swift */; };
		9778A4F7237E9B1100E93BA1 /* mineralTableViewCell.xib in Resources */ = {isa = PBXBuildFile; fileRef = 9778A4F5237E9B1100E93BA1 /* mineralTableViewCell.xib */; };
		9778A4F9237EA05B00E93BA1 /* ProfilViewController.swift in Sources */ = {isa = PBXBuildFile; fileRef = 9778A4F8237EA05B00E93BA1 /* ProfilViewController.swift */; };
		9778A5012382B36800E93BA1 /* DiaryViewController.swift in Sources */ = {isa = PBXBuildFile; fileRef = 9778A5002382B36800E93BA1 /* DiaryViewController.swift */; };
		9778A5032382B38500E93BA1 /* Diary.storyboard in Resources */ = {isa = PBXBuildFile; fileRef = 9778A5022382B38500E93BA1 /* Diary.storyboard */; };
		9778A50B2382B64800E93BA1 /* FoodListTableViewCell.swift in Sources */ = {isa = PBXBuildFile; fileRef = 9778A5092382B64800E93BA1 /* FoodListTableViewCell.swift */; };
		977CEF7C2394080F00B24AE6 /* SetFoodTableViewCell.swift in Sources */ = {isa = PBXBuildFile; fileRef = 977CEF7B2394080F00B24AE6 /* SetFoodTableViewCell.swift */; };
		977CEF7E2394081D00B24AE6 /* SetFoodViewController.swift in Sources */ = {isa = PBXBuildFile; fileRef = 977CEF7D2394081D00B24AE6 /* SetFoodViewController.swift */; };
		9786625B23C6FADA00741B1B /* ActivityViewController.swift in Sources */ = {isa = PBXBuildFile; fileRef = 9786625A23C6FADA00741B1B /* ActivityViewController.swift */; };
		9786625E23C6FBE800741B1B /* ActivityTableViewCell.swift in Sources */ = {isa = PBXBuildFile; fileRef = 9786625D23C6FBE800741B1B /* ActivityTableViewCell.swift */; };
		978B9F1B23A9FC6600B75E34 /* Report.storyboard in Resources */ = {isa = PBXBuildFile; fileRef = 978B9F1A23A9FC6600B75E34 /* Report.storyboard */; };
		978B9F1D23A9FC7C00B75E34 /* ReportViewController.swift in Sources */ = {isa = PBXBuildFile; fileRef = 978B9F1C23A9FC7C00B75E34 /* ReportViewController.swift */; };
		978B9F2023A9FD9200B75E34 /* RegisterViewController.swift in Sources */ = {isa = PBXBuildFile; fileRef = 978B9F1F23A9FD9200B75E34 /* RegisterViewController.swift */; };
		978B9F2623AC697300B75E34 /* CloudKit.framework in Frameworks */ = {isa = PBXBuildFile; fileRef = 978B9F2523AC697300B75E34 /* CloudKit.framework */; };
		979607D123917B16001A07B9 /* AddFoodTableViewCell.swift in Sources */ = {isa = PBXBuildFile; fileRef = 979607D023917B16001A07B9 /* AddFoodTableViewCell.swift */; };
		979607D323924DB2001A07B9 /* SearchViewController.swift in Sources */ = {isa = PBXBuildFile; fileRef = 979607D223924DB2001A07B9 /* SearchViewController.swift */; };
		979607D7239257C4001A07B9 /* FoodTableViewCell.swift in Sources */ = {isa = PBXBuildFile; fileRef = 979607D6239257C4001A07B9 /* FoodTableViewCell.swift */; };
		B826AD63ACAEC80BA5561EAF /* Pods_NutriMe_Project.framework in Frameworks */ = {isa = PBXBuildFile; fileRef = BAE73D6D7AB98754BE070ADB /* Pods_NutriMe_Project.framework */; };
		FE4015A123C48C20003779B6 /* newFoodViewController.swift in Sources */ = {isa = PBXBuildFile; fileRef = FE4015A023C48C20003779B6 /* newFoodViewController.swift */; };
		FE4015A323C48F4E003779B6 /* newFoodTableViewCell.swift in Sources */ = {isa = PBXBuildFile; fileRef = FE4015A223C48F4E003779B6 /* newFoodTableViewCell.swift */; };
		FE4015A823C72F98003779B6 /* CalendarVars.swift in Sources */ = {isa = PBXBuildFile; fileRef = FE4015A723C72F98003779B6 /* CalendarVars.swift */; };
		FE4015AA23C76B8B003779B6 /* CalendarCollectionViewCell.swift in Sources */ = {isa = PBXBuildFile; fileRef = FE4015A923C76B8B003779B6 /* CalendarCollectionViewCell.swift */; };
		FE7A9AF023D1C24300A3DC6A /* HealthKit.framework in Frameworks */ = {isa = PBXBuildFile; fileRef = FE7A9AEF23D1C24300A3DC6A /* HealthKit.framework */; };
		FE86407623B724DB009F92C8 /* User.swift in Sources */ = {isa = PBXBuildFile; fileRef = FE86407523B724DB009F92C8 /* User.swift */; };
		FE86407823B739FF009F92C8 /* Reminder.swift in Sources */ = {isa = PBXBuildFile; fileRef = FE86407723B739FF009F92C8 /* Reminder.swift */; };
		FE86407A23B73AC5009F92C8 /* Diary.swift in Sources */ = {isa = PBXBuildFile; fileRef = FE86407923B73AC5009F92C8 /* Diary.swift */; };
		FE86407C23B73B75009F92C8 /* Activity.swift in Sources */ = {isa = PBXBuildFile; fileRef = FE86407B23B73B75009F92C8 /* Activity.swift */; };
		FE86407E23B73BFA009F92C8 /* Food.swift in Sources */ = {isa = PBXBuildFile; fileRef = FE86407D23B73BFA009F92C8 /* Food.swift */; };
		FE86408023B73C6A009F92C8 /* Nutrition.swift in Sources */ = {isa = PBXBuildFile; fileRef = FE86407F23B73C6A009F92C8 /* Nutrition.swift */; };
		FE86408223B73CE0009F92C8 /* Report.swift in Sources */ = {isa = PBXBuildFile; fileRef = FE86408123B73CE0009F92C8 /* Report.swift */; };
		FE86408423B73D59009F92C8 /* Restriction.swift in Sources */ = {isa = PBXBuildFile; fileRef = FE86408323B73D59009F92C8 /* Restriction.swift */; };
		FEB8C54723C8550000EB5D48 /* detailFoodViewController.swift in Sources */ = {isa = PBXBuildFile; fileRef = FEB8C54623C8550000EB5D48 /* detailFoodViewController.swift */; };
		FEB8C54923C8584200EB5D48 /* detailFoodTableViewCell.swift in Sources */ = {isa = PBXBuildFile; fileRef = FEB8C54823C8584200EB5D48 /* detailFoodTableViewCell.swift */; };
		FEB8C54B23C87A0C00EB5D48 /* editProfileViewController.swift in Sources */ = {isa = PBXBuildFile; fileRef = FEB8C54A23C87A0C00EB5D48 /* editProfileViewController.swift */; };
		FEB8C54D23C87A4700EB5D48 /* EditProfileTableViewCell.swift in Sources */ = {isa = PBXBuildFile; fileRef = FEB8C54C23C87A4700EB5D48 /* EditProfileTableViewCell.swift */; };
		FEB8C55023C9A24A00EB5D48 /* RemindersViewController.swift in Sources */ = {isa = PBXBuildFile; fileRef = FEB8C54F23C9A24A00EB5D48 /* RemindersViewController.swift */; };
		FEB8C55223C9A26200EB5D48 /* RemindersTableViewCell.swift in Sources */ = {isa = PBXBuildFile; fileRef = FEB8C55123C9A26200EB5D48 /* RemindersTableViewCell.swift */; };
		FEB8C55523CC676500EB5D48 /* PantanganMakananViewController.swift in Sources */ = {isa = PBXBuildFile; fileRef = FEB8C55423CC676500EB5D48 /* PantanganMakananViewController.swift */; };
		FEB8C55723CC677C00EB5D48 /* PantanganMakananTableViewCell.swift in Sources */ = {isa = PBXBuildFile; fileRef = FEB8C55623CC677C00EB5D48 /* PantanganMakananTableViewCell.swift */; };
/* End PBXBuildFile section */

/* Begin PBXFileReference section */
		75D184E2C6E557E63DDF3C1E /* Pods-NutriMe Project.debug.xcconfig */ = {isa = PBXFileReference; includeInIndex = 1; lastKnownFileType = text.xcconfig; name = "Pods-NutriMe Project.debug.xcconfig"; path = "Target Support Files/Pods-NutriMe Project/Pods-NutriMe Project.debug.xcconfig"; sourceTree = "<group>"; };
		971C42C12397D0D100E249A8 /* PickerViewController.swift */ = {isa = PBXFileReference; lastKnownFileType = sourcecode.swift; path = PickerViewController.swift; sourceTree = "<group>"; };
		971C42EC239A4A3C00E249A8 /* Model.swift */ = {isa = PBXFileReference; lastKnownFileType = sourcecode.swift; path = Model.swift; sourceTree = "<group>"; };
		971C42EE239DEB4200E249A8 /* helper.swift */ = {isa = PBXFileReference; lastKnownFileType = sourcecode.swift; path = helper.swift; sourceTree = "<group>"; };
		974E3DB323D17601007A7A6E /* DatabaseNutriMe.swift */ = {isa = PBXFileReference; lastKnownFileType = sourcecode.swift; path = DatabaseNutriMe.swift; sourceTree = "<group>"; };
		974E3DB523D6EA56007A7A6E /* LoginViewController.swift */ = {isa = PBXFileReference; lastKnownFileType = sourcecode.swift; path = LoginViewController.swift; sourceTree = "<group>"; };
		974E3DB823D7FC00007A7A6E /* RecomendationViewController.swift */ = {isa = PBXFileReference; lastKnownFileType = sourcecode.swift; path = RecomendationViewController.swift; sourceTree = "<group>"; };
		974E3DBA23D94067007A7A6E /* ConnectionCheck.swift */ = {isa = PBXFileReference; lastKnownFileType = sourcecode.swift; path = ConnectionCheck.swift; sourceTree = "<group>"; };
		9778A4CE237E936500E93BA1 /* NutriMe Project.app */ = {isa = PBXFileReference; explicitFileType = wrapper.application; includeInIndex = 0; path = "NutriMe Project.app"; sourceTree = BUILT_PRODUCTS_DIR; };
		9778A4D1237E936500E93BA1 /* AppDelegate.swift */ = {isa = PBXFileReference; lastKnownFileType = sourcecode.swift; path = AppDelegate.swift; sourceTree = "<group>"; };
		9778A4D3237E936500E93BA1 /* SceneDelegate.swift */ = {isa = PBXFileReference; lastKnownFileType = sourcecode.swift; path = SceneDelegate.swift; sourceTree = "<group>"; };
		9778A4D5237E936500E93BA1 /* ViewController.swift */ = {isa = PBXFileReference; lastKnownFileType = sourcecode.swift; path = ViewController.swift; sourceTree = "<group>"; };
		9778A4D8237E936500E93BA1 /* Base */ = {isa = PBXFileReference; lastKnownFileType = file.storyboard; name = Base; path = Base.lproj/Main.storyboard; sourceTree = "<group>"; };
		9778A4DB237E936500E93BA1 /* NutriMe_Project.xcdatamodel */ = {isa = PBXFileReference; lastKnownFileType = wrapper.xcdatamodel; path = NutriMe_Project.xcdatamodel; sourceTree = "<group>"; };
		9778A4DD237E936900E93BA1 /* Assets.xcassets */ = {isa = PBXFileReference; lastKnownFileType = folder.assetcatalog; path = Assets.xcassets; sourceTree = "<group>"; };
		9778A4E0237E936900E93BA1 /* Base */ = {isa = PBXFileReference; lastKnownFileType = file.storyboard; name = Base; path = Base.lproj/LaunchScreen.storyboard; sourceTree = "<group>"; };
		9778A4E2237E936900E93BA1 /* Info.plist */ = {isa = PBXFileReference; lastKnownFileType = text.plist.xml; path = Info.plist; sourceTree = "<group>"; };
		9778A4EC237E978E00E93BA1 /* rekomendasiTableViewCell.swift */ = {isa = PBXFileReference; lastKnownFileType = sourcecode.swift; path = rekomendasiTableViewCell.swift; sourceTree = "<group>"; };
		9778A4ED237E978E00E93BA1 /* rekomendasiTableViewCell.xib */ = {isa = PBXFileReference; lastKnownFileType = file.xib; path = rekomendasiTableViewCell.xib; sourceTree = "<group>"; };
		9778A4F0237E99A200E93BA1 /* giziTableViewCell.swift */ = {isa = PBXFileReference; lastKnownFileType = sourcecode.swift; path = giziTableViewCell.swift; sourceTree = "<group>"; };
		9778A4F1237E99A200E93BA1 /* giziTableViewCell.xib */ = {isa = PBXFileReference; lastKnownFileType = file.xib; path = giziTableViewCell.xib; sourceTree = "<group>"; };
		9778A4F4237E9B1100E93BA1 /* mineralTableViewCell.swift */ = {isa = PBXFileReference; lastKnownFileType = sourcecode.swift; path = mineralTableViewCell.swift; sourceTree = "<group>"; };
		9778A4F5237E9B1100E93BA1 /* mineralTableViewCell.xib */ = {isa = PBXFileReference; lastKnownFileType = file.xib; path = mineralTableViewCell.xib; sourceTree = "<group>"; };
		9778A4F8237EA05B00E93BA1 /* ProfilViewController.swift */ = {isa = PBXFileReference; lastKnownFileType = sourcecode.swift; path = ProfilViewController.swift; sourceTree = "<group>"; };
		9778A5002382B36800E93BA1 /* DiaryViewController.swift */ = {isa = PBXFileReference; lastKnownFileType = sourcecode.swift; path = DiaryViewController.swift; sourceTree = "<group>"; };
		9778A5022382B38500E93BA1 /* Diary.storyboard */ = {isa = PBXFileReference; lastKnownFileType = file.storyboard; path = Diary.storyboard; sourceTree = "<group>"; };
		9778A5092382B64800E93BA1 /* FoodListTableViewCell.swift */ = {isa = PBXFileReference; lastKnownFileType = sourcecode.swift; path = FoodListTableViewCell.swift; sourceTree = "<group>"; };
		977CEF7B2394080F00B24AE6 /* SetFoodTableViewCell.swift */ = {isa = PBXFileReference; lastKnownFileType = sourcecode.swift; path = SetFoodTableViewCell.swift; sourceTree = "<group>"; };
		977CEF7D2394081D00B24AE6 /* SetFoodViewController.swift */ = {isa = PBXFileReference; lastKnownFileType = sourcecode.swift; path = SetFoodViewController.swift; sourceTree = "<group>"; };
		9786625A23C6FADA00741B1B /* ActivityViewController.swift */ = {isa = PBXFileReference; lastKnownFileType = sourcecode.swift; path = ActivityViewController.swift; sourceTree = "<group>"; };
		9786625D23C6FBE800741B1B /* ActivityTableViewCell.swift */ = {isa = PBXFileReference; lastKnownFileType = sourcecode.swift; path = ActivityTableViewCell.swift; sourceTree = "<group>"; };
		978B9F1A23A9FC6600B75E34 /* Report.storyboard */ = {isa = PBXFileReference; lastKnownFileType = file.storyboard; path = Report.storyboard; sourceTree = "<group>"; };
		978B9F1C23A9FC7C00B75E34 /* ReportViewController.swift */ = {isa = PBXFileReference; lastKnownFileType = sourcecode.swift; path = ReportViewController.swift; sourceTree = "<group>"; };
		978B9F1F23A9FD9200B75E34 /* RegisterViewController.swift */ = {isa = PBXFileReference; lastKnownFileType = sourcecode.swift; path = RegisterViewController.swift; sourceTree = "<group>"; };
		978B9F2323AC696800B75E34 /* NutriMe Project.entitlements */ = {isa = PBXFileReference; lastKnownFileType = text.plist.entitlements; path = "NutriMe Project.entitlements"; sourceTree = "<group>"; };
		978B9F2523AC697300B75E34 /* CloudKit.framework */ = {isa = PBXFileReference; lastKnownFileType = wrapper.framework; name = CloudKit.framework; path = System/Library/Frameworks/CloudKit.framework; sourceTree = SDKROOT; };
		979607D023917B16001A07B9 /* AddFoodTableViewCell.swift */ = {isa = PBXFileReference; lastKnownFileType = sourcecode.swift; path = AddFoodTableViewCell.swift; sourceTree = "<group>"; };
		979607D223924DB2001A07B9 /* SearchViewController.swift */ = {isa = PBXFileReference; lastKnownFileType = sourcecode.swift; path = SearchViewController.swift; sourceTree = "<group>"; };
		979607D6239257C4001A07B9 /* FoodTableViewCell.swift */ = {isa = PBXFileReference; lastKnownFileType = sourcecode.swift; path = FoodTableViewCell.swift; sourceTree = "<group>"; };
		BAE73D6D7AB98754BE070ADB /* Pods_NutriMe_Project.framework */ = {isa = PBXFileReference; explicitFileType = wrapper.framework; includeInIndex = 0; path = Pods_NutriMe_Project.framework; sourceTree = BUILT_PRODUCTS_DIR; };
		EB610ED262DEADA7B4A20417 /* Pods-NutriMe Project.release.xcconfig */ = {isa = PBXFileReference; includeInIndex = 1; lastKnownFileType = text.xcconfig; name = "Pods-NutriMe Project.release.xcconfig"; path = "Target Support Files/Pods-NutriMe Project/Pods-NutriMe Project.release.xcconfig"; sourceTree = "<group>"; };
		FE4015A023C48C20003779B6 /* newFoodViewController.swift */ = {isa = PBXFileReference; lastKnownFileType = sourcecode.swift; path = newFoodViewController.swift; sourceTree = "<group>"; };
		FE4015A223C48F4E003779B6 /* newFoodTableViewCell.swift */ = {isa = PBXFileReference; lastKnownFileType = sourcecode.swift; path = newFoodTableViewCell.swift; sourceTree = "<group>"; };
		FE4015A723C72F98003779B6 /* CalendarVars.swift */ = {isa = PBXFileReference; lastKnownFileType = sourcecode.swift; path = CalendarVars.swift; sourceTree = "<group>"; };
		FE4015A923C76B8B003779B6 /* CalendarCollectionViewCell.swift */ = {isa = PBXFileReference; lastKnownFileType = sourcecode.swift; path = CalendarCollectionViewCell.swift; sourceTree = "<group>"; };
		FE7A9AEF23D1C24300A3DC6A /* HealthKit.framework */ = {isa = PBXFileReference; lastKnownFileType = wrapper.framework; name = HealthKit.framework; path = System/Library/Frameworks/HealthKit.framework; sourceTree = SDKROOT; };
		FE86407523B724DB009F92C8 /* User.swift */ = {isa = PBXFileReference; lastKnownFileType = sourcecode.swift; path = User.swift; sourceTree = "<group>"; };
		FE86407723B739FF009F92C8 /* Reminder.swift */ = {isa = PBXFileReference; lastKnownFileType = sourcecode.swift; path = Reminder.swift; sourceTree = "<group>"; };
		FE86407923B73AC5009F92C8 /* Diary.swift */ = {isa = PBXFileReference; lastKnownFileType = sourcecode.swift; path = Diary.swift; sourceTree = "<group>"; };
		FE86407B23B73B75009F92C8 /* Activity.swift */ = {isa = PBXFileReference; lastKnownFileType = sourcecode.swift; path = Activity.swift; sourceTree = "<group>"; };
		FE86407D23B73BFA009F92C8 /* Food.swift */ = {isa = PBXFileReference; lastKnownFileType = sourcecode.swift; path = Food.swift; sourceTree = "<group>"; };
		FE86407F23B73C6A009F92C8 /* Nutrition.swift */ = {isa = PBXFileReference; lastKnownFileType = sourcecode.swift; path = Nutrition.swift; sourceTree = "<group>"; };
		FE86408123B73CE0009F92C8 /* Report.swift */ = {isa = PBXFileReference; lastKnownFileType = sourcecode.swift; path = Report.swift; sourceTree = "<group>"; };
		FE86408323B73D59009F92C8 /* Restriction.swift */ = {isa = PBXFileReference; lastKnownFileType = sourcecode.swift; path = Restriction.swift; sourceTree = "<group>"; };
		FEB8C54623C8550000EB5D48 /* detailFoodViewController.swift */ = {isa = PBXFileReference; lastKnownFileType = sourcecode.swift; path = detailFoodViewController.swift; sourceTree = "<group>"; };
		FEB8C54823C8584200EB5D48 /* detailFoodTableViewCell.swift */ = {isa = PBXFileReference; lastKnownFileType = sourcecode.swift; path = detailFoodTableViewCell.swift; sourceTree = "<group>"; };
		FEB8C54A23C87A0C00EB5D48 /* editProfileViewController.swift */ = {isa = PBXFileReference; lastKnownFileType = sourcecode.swift; path = editProfileViewController.swift; sourceTree = "<group>"; };
		FEB8C54C23C87A4700EB5D48 /* EditProfileTableViewCell.swift */ = {isa = PBXFileReference; lastKnownFileType = sourcecode.swift; path = EditProfileTableViewCell.swift; sourceTree = "<group>"; };
		FEB8C54F23C9A24A00EB5D48 /* RemindersViewController.swift */ = {isa = PBXFileReference; lastKnownFileType = sourcecode.swift; path = RemindersViewController.swift; sourceTree = "<group>"; };
		FEB8C55123C9A26200EB5D48 /* RemindersTableViewCell.swift */ = {isa = PBXFileReference; lastKnownFileType = sourcecode.swift; path = RemindersTableViewCell.swift; sourceTree = "<group>"; };
		FEB8C55423CC676500EB5D48 /* PantanganMakananViewController.swift */ = {isa = PBXFileReference; lastKnownFileType = sourcecode.swift; path = PantanganMakananViewController.swift; sourceTree = "<group>"; };
		FEB8C55623CC677C00EB5D48 /* PantanganMakananTableViewCell.swift */ = {isa = PBXFileReference; lastKnownFileType = sourcecode.swift; path = PantanganMakananTableViewCell.swift; sourceTree = "<group>"; };
/* End PBXFileReference section */

/* Begin PBXFrameworksBuildPhase section */
		9778A4CB237E936500E93BA1 /* Frameworks */ = {
			isa = PBXFrameworksBuildPhase;
			buildActionMask = 2147483647;
			files = (
				FE7A9AF023D1C24300A3DC6A /* HealthKit.framework in Frameworks */,
				978B9F2623AC697300B75E34 /* CloudKit.framework in Frameworks */,
				B826AD63ACAEC80BA5561EAF /* Pods_NutriMe_Project.framework in Frameworks */,
			);
			runOnlyForDeploymentPostprocessing = 0;
		};
/* End PBXFrameworksBuildPhase section */

/* Begin PBXGroup section */
		974E3DB223D175C6007A7A6E /* DatabaseQuery */ = {
			isa = PBXGroup;
			children = (
				974E3DB323D17601007A7A6E /* DatabaseNutriMe.swift */,
			);
			path = DatabaseQuery;
			sourceTree = "<group>";
		};
		974E3DB723D7FBD7007A7A6E /* RecomendationView */ = {
			isa = PBXGroup;
			children = (
				974E3DB823D7FC00007A7A6E /* RecomendationViewController.swift */,
			);
			path = RecomendationView;
			sourceTree = "<group>";
		};
		9778A4C5237E936500E93BA1 = {
			isa = PBXGroup;
			children = (
				9778A4D0237E936500E93BA1 /* NutriMe Project */,
				9778A4CF237E936500E93BA1 /* Products */,
				978B9F2423AC697300B75E34 /* Frameworks */,
				A7756E61DAA46F5EA48E47A4 /* Pods */,
			);
			sourceTree = "<group>";
		};
		9778A4CF237E936500E93BA1 /* Products */ = {
			isa = PBXGroup;
			children = (
				9778A4CE237E936500E93BA1 /* NutriMe Project.app */,
			);
			name = Products;
			sourceTree = "<group>";
		};
		9778A4D0237E936500E93BA1 /* NutriMe Project */ = {
			isa = PBXGroup;
			children = (
				974E3DB223D175C6007A7A6E /* DatabaseQuery */,
				978B9F2323AC696800B75E34 /* NutriMe Project.entitlements */,
				971C42EE239DEB4200E249A8 /* helper.swift */,
				974E3DBA23D94067007A7A6E /* ConnectionCheck.swift */,
				9778A4D1237E936500E93BA1 /* AppDelegate.swift */,
				9778A4D3237E936500E93BA1 /* SceneDelegate.swift */,
				9778A4D7237E936500E93BA1 /* Main.storyboard */,
				FE86407423B724B5009F92C8 /* Model */,
				978B9F1E23A9FD5500B75E34 /* Register */,
				9778A4FA2382B1DE00E93BA1 /* Home View */,
				9778A4FF2382B33800E93BA1 /* Diary View */,
				978B9F1923A9FC3E00B75E34 /* Report View */,
				9778A4DD237E936900E93BA1 /* Assets.xcassets */,
				9778A4DF237E936900E93BA1 /* LaunchScreen.storyboard */,
				9778A4E2237E936900E93BA1 /* Info.plist */,
				9778A4DA237E936500E93BA1 /* NutriMe_Project.xcdatamodeld */,
				971C42EC239A4A3C00E249A8 /* Model.swift */,
			);
			path = "NutriMe Project";
			sourceTree = "<group>";
		};
		9778A4FA2382B1DE00E93BA1 /* Home View */ = {
			isa = PBXGroup;
			children = (
				974E3DB723D7FBD7007A7A6E /* RecomendationView */,
				9778A4FD2382B22200E93BA1 /* rekomendasiCell */,
				9778A4FC2382B20B00E93BA1 /* mineralCell */,
				9778A4FB2382B1F100E93BA1 /* giziCell */,
				9778A4D5237E936500E93BA1 /* ViewController.swift */,
				9778A4FE2382B24700E93BA1 /* Profil View */,
				9786625C23C6FBC900741B1B /* Activity */,
				FEB8C54E23C9A22B00EB5D48 /* Reminders View */,
				FEB8C55323CC673C00EB5D48 /* Pantangan Makanan View */,
			);
			path = "Home View";
			sourceTree = "<group>";
		};
		9778A4FB2382B1F100E93BA1 /* giziCell */ = {
			isa = PBXGroup;
			children = (
				9778A4F0237E99A200E93BA1 /* giziTableViewCell.swift */,
				9778A4F1237E99A200E93BA1 /* giziTableViewCell.xib */,
			);
			path = giziCell;
			sourceTree = "<group>";
		};
		9778A4FC2382B20B00E93BA1 /* mineralCell */ = {
			isa = PBXGroup;
			children = (
				9778A4F4237E9B1100E93BA1 /* mineralTableViewCell.swift */,
				9778A4F5237E9B1100E93BA1 /* mineralTableViewCell.xib */,
			);
			path = mineralCell;
			sourceTree = "<group>";
		};
		9778A4FD2382B22200E93BA1 /* rekomendasiCell */ = {
			isa = PBXGroup;
			children = (
				9778A4EC237E978E00E93BA1 /* rekomendasiTableViewCell.swift */,
				9778A4ED237E978E00E93BA1 /* rekomendasiTableViewCell.xib */,
			);
			path = rekomendasiCell;
			sourceTree = "<group>";
		};
		9778A4FE2382B24700E93BA1 /* Profil View */ = {
			isa = PBXGroup;
			children = (
				9778A4F8237EA05B00E93BA1 /* ProfilViewController.swift */,
				FEB8C54A23C87A0C00EB5D48 /* editProfileViewController.swift */,
				FEB8C54C23C87A4700EB5D48 /* EditProfileTableViewCell.swift */,
			);
			path = "Profil View";
			sourceTree = "<group>";
		};
		9778A4FF2382B33800E93BA1 /* Diary View */ = {
			isa = PBXGroup;
			children = (
				9778A5022382B38500E93BA1 /* Diary.storyboard */,
				9778A5092382B64800E93BA1 /* FoodListTableViewCell.swift */,
				979607D023917B16001A07B9 /* AddFoodTableViewCell.swift */,
				9778A5002382B36800E93BA1 /* DiaryViewController.swift */,
				FEB8C54523C854DB00EB5D48 /* Detail Food Page */,
				FE4015A623C72F7B003779B6 /* Calendar */,
				FE40159F23C48BF2003779B6 /* New Food Page */,
				979607D8239257CD001A07B9 /* Search Page */,
				977CEF7A239407F000B24AE6 /* SetFood Page */,
			);
			path = "Diary View";
			sourceTree = "<group>";
		};
		977CEF7A239407F000B24AE6 /* SetFood Page */ = {
			isa = PBXGroup;
			children = (
				977CEF7B2394080F00B24AE6 /* SetFoodTableViewCell.swift */,
				977CEF7D2394081D00B24AE6 /* SetFoodViewController.swift */,
				971C42C12397D0D100E249A8 /* PickerViewController.swift */,
			);
			path = "SetFood Page";
			sourceTree = "<group>";
		};
		9786625C23C6FBC900741B1B /* Activity */ = {
			isa = PBXGroup;
			children = (
				9786625A23C6FADA00741B1B /* ActivityViewController.swift */,
				9786625D23C6FBE800741B1B /* ActivityTableViewCell.swift */,
			);
			path = Activity;
			sourceTree = "<group>";
		};
		978B9F1923A9FC3E00B75E34 /* Report View */ = {
			isa = PBXGroup;
			children = (
				978B9F1A23A9FC6600B75E34 /* Report.storyboard */,
				978B9F1C23A9FC7C00B75E34 /* ReportViewController.swift */,
			);
			path = "Report View";
			sourceTree = "<group>";
		};
		978B9F1E23A9FD5500B75E34 /* Register */ = {
			isa = PBXGroup;
			children = (
				978B9F1F23A9FD9200B75E34 /* RegisterViewController.swift */,
				974E3DB523D6EA56007A7A6E /* LoginViewController.swift */,
			);
			path = Register;
			sourceTree = "<group>";
		};
		978B9F2423AC697300B75E34 /* Frameworks */ = {
			isa = PBXGroup;
			children = (
				FE7A9AEF23D1C24300A3DC6A /* HealthKit.framework */,
				978B9F2523AC697300B75E34 /* CloudKit.framework */,
				BAE73D6D7AB98754BE070ADB /* Pods_NutriMe_Project.framework */,
			);
			name = Frameworks;
			sourceTree = "<group>";
		};
		979607D8239257CD001A07B9 /* Search Page */ = {
			isa = PBXGroup;
			children = (
				979607D223924DB2001A07B9 /* SearchViewController.swift */,
				979607D6239257C4001A07B9 /* FoodTableViewCell.swift */,
			);
			path = "Search Page";
			sourceTree = "<group>";
		};
		A7756E61DAA46F5EA48E47A4 /* Pods */ = {
			isa = PBXGroup;
			children = (
				75D184E2C6E557E63DDF3C1E /* Pods-NutriMe Project.debug.xcconfig */,
				EB610ED262DEADA7B4A20417 /* Pods-NutriMe Project.release.xcconfig */,
			);
			path = Pods;
			sourceTree = "<group>";
		};
		FE40159F23C48BF2003779B6 /* New Food Page */ = {
			isa = PBXGroup;
			children = (
				FE4015A023C48C20003779B6 /* newFoodViewController.swift */,
				FE4015A223C48F4E003779B6 /* newFoodTableViewCell.swift */,
			);
			path = "New Food Page";
			sourceTree = "<group>";
		};
		FE4015A623C72F7B003779B6 /* Calendar */ = {
			isa = PBXGroup;
			children = (
				FE4015A723C72F98003779B6 /* CalendarVars.swift */,
				FE4015A923C76B8B003779B6 /* CalendarCollectionViewCell.swift */,
			);
			path = Calendar;
			sourceTree = "<group>";
		};
		FE86407423B724B5009F92C8 /* Model */ = {
			isa = PBXGroup;
			children = (
				FE86407523B724DB009F92C8 /* User.swift */,
				FE86407723B739FF009F92C8 /* Reminder.swift */,
				FE86407923B73AC5009F92C8 /* Diary.swift */,
				FE86407B23B73B75009F92C8 /* Activity.swift */,
				FE86407D23B73BFA009F92C8 /* Food.swift */,
				FE86407F23B73C6A009F92C8 /* Nutrition.swift */,
				FE86408123B73CE0009F92C8 /* Report.swift */,
				FE86408323B73D59009F92C8 /* Restriction.swift */,
			);
			path = Model;
			sourceTree = "<group>";
		};
		FEB8C54523C854DB00EB5D48 /* Detail Food Page */ = {
			isa = PBXGroup;
			children = (
				FEB8C54623C8550000EB5D48 /* detailFoodViewController.swift */,
				FEB8C54823C8584200EB5D48 /* detailFoodTableViewCell.swift */,
			);
			path = "Detail Food Page";
			sourceTree = "<group>";
		};
		FEB8C54E23C9A22B00EB5D48 /* Reminders View */ = {
			isa = PBXGroup;
			children = (
				FEB8C54F23C9A24A00EB5D48 /* RemindersViewController.swift */,
				FEB8C55123C9A26200EB5D48 /* RemindersTableViewCell.swift */,
			);
			path = "Reminders View";
			sourceTree = "<group>";
		};
		FEB8C55323CC673C00EB5D48 /* Pantangan Makanan View */ = {
			isa = PBXGroup;
			children = (
				FEB8C55423CC676500EB5D48 /* PantanganMakananViewController.swift */,
				FEB8C55623CC677C00EB5D48 /* PantanganMakananTableViewCell.swift */,
			);
			path = "Pantangan Makanan View";
			sourceTree = "<group>";
		};
/* End PBXGroup section */

/* Begin PBXNativeTarget section */
		9778A4CD237E936500E93BA1 /* NutriMe Project */ = {
			isa = PBXNativeTarget;
			buildConfigurationList = 9778A4E5237E936900E93BA1 /* Build configuration list for PBXNativeTarget "NutriMe Project" */;
			buildPhases = (
				A3B084E01BC8C609FD1183E6 /* [CP] Check Pods Manifest.lock */,
				9778A4CA237E936500E93BA1 /* Sources */,
				9778A4CB237E936500E93BA1 /* Frameworks */,
				9778A4CC237E936500E93BA1 /* Resources */,
				F8CEB8F897CF28B8C9ABC5A3 /* [CP] Embed Pods Frameworks */,
			);
			buildRules = (
			);
			dependencies = (
			);
			name = "NutriMe Project";
			productName = "NutriMe Project";
			productReference = 9778A4CE237E936500E93BA1 /* NutriMe Project.app */;
			productType = "com.apple.product-type.application";
		};
/* End PBXNativeTarget section */

/* Begin PBXProject section */
		9778A4C6237E936500E93BA1 /* Project object */ = {
			isa = PBXProject;
			attributes = {
				LastSwiftUpdateCheck = 1120;
				LastUpgradeCheck = 1120;
				ORGANIZATIONNAME = whiteHat;
				TargetAttributes = {
					9778A4CD237E936500E93BA1 = {
						CreatedOnToolsVersion = 11.2.1;
					};
				};
			};
			buildConfigurationList = 9778A4C9237E936500E93BA1 /* Build configuration list for PBXProject "NutriMe Project" */;
			compatibilityVersion = "Xcode 9.3";
			developmentRegion = en;
			hasScannedForEncodings = 0;
			knownRegions = (
				en,
				Base,
			);
			mainGroup = 9778A4C5237E936500E93BA1;
			productRefGroup = 9778A4CF237E936500E93BA1 /* Products */;
			projectDirPath = "";
			projectRoot = "";
			targets = (
				9778A4CD237E936500E93BA1 /* NutriMe Project */,
			);
		};
/* End PBXProject section */

/* Begin PBXResourcesBuildPhase section */
		9778A4CC237E936500E93BA1 /* Resources */ = {
			isa = PBXResourcesBuildPhase;
			buildActionMask = 2147483647;
			files = (
				9778A5032382B38500E93BA1 /* Diary.storyboard in Resources */,
				9778A4F3237E99A200E93BA1 /* giziTableViewCell.xib in Resources */,
				9778A4E1237E936900E93BA1 /* LaunchScreen.storyboard in Resources */,
				9778A4F7237E9B1100E93BA1 /* mineralTableViewCell.xib in Resources */,
				978B9F1B23A9FC6600B75E34 /* Report.storyboard in Resources */,
				9778A4DE237E936900E93BA1 /* Assets.xcassets in Resources */,
				9778A4EF237E978E00E93BA1 /* rekomendasiTableViewCell.xib in Resources */,
				9778A4D9237E936500E93BA1 /* Main.storyboard in Resources */,
			);
			runOnlyForDeploymentPostprocessing = 0;
		};
/* End PBXResourcesBuildPhase section */

/* Begin PBXShellScriptBuildPhase section */
		A3B084E01BC8C609FD1183E6 /* [CP] Check Pods Manifest.lock */ = {
			isa = PBXShellScriptBuildPhase;
			buildActionMask = 2147483647;
			files = (
			);
			inputFileListPaths = (
			);
			inputPaths = (
				"${PODS_PODFILE_DIR_PATH}/Podfile.lock",
				"${PODS_ROOT}/Manifest.lock",
			);
			name = "[CP] Check Pods Manifest.lock";
			outputFileListPaths = (
			);
			outputPaths = (
				"$(DERIVED_FILE_DIR)/Pods-NutriMe Project-checkManifestLockResult.txt",
			);
			runOnlyForDeploymentPostprocessing = 0;
			shellPath = /bin/sh;
			shellScript = "diff \"${PODS_PODFILE_DIR_PATH}/Podfile.lock\" \"${PODS_ROOT}/Manifest.lock\" > /dev/null\nif [ $? != 0 ] ; then\n    # print error to STDERR\n    echo \"error: The sandbox is not in sync with the Podfile.lock. Run 'pod install' or update your CocoaPods installation.\" >&2\n    exit 1\nfi\n# This output is used by Xcode 'outputs' to avoid re-running this script phase.\necho \"SUCCESS\" > \"${SCRIPT_OUTPUT_FILE_0}\"\n";
			showEnvVarsInLog = 0;
		};
		F8CEB8F897CF28B8C9ABC5A3 /* [CP] Embed Pods Frameworks */ = {
			isa = PBXShellScriptBuildPhase;
			buildActionMask = 2147483647;
			files = (
			);
			inputFileListPaths = (
				"${PODS_ROOT}/Target Support Files/Pods-NutriMe Project/Pods-NutriMe Project-frameworks-${CONFIGURATION}-input-files.xcfilelist",
			);
			name = "[CP] Embed Pods Frameworks";
			outputFileListPaths = (
				"${PODS_ROOT}/Target Support Files/Pods-NutriMe Project/Pods-NutriMe Project-frameworks-${CONFIGURATION}-output-files.xcfilelist",
			);
			runOnlyForDeploymentPostprocessing = 0;
			shellPath = /bin/sh;
			shellScript = "\"${PODS_ROOT}/Target Support Files/Pods-NutriMe Project/Pods-NutriMe Project-frameworks.sh\"\n";
			showEnvVarsInLog = 0;
		};
/* End PBXShellScriptBuildPhase section */

/* Begin PBXSourcesBuildPhase section */
		9778A4CA237E936500E93BA1 /* Sources */ = {
			isa = PBXSourcesBuildPhase;
			buildActionMask = 2147483647;
			files = (
				9778A4F9237EA05B00E93BA1 /* ProfilViewController.swift in Sources */,
				979607D123917B16001A07B9 /* AddFoodTableViewCell.swift in Sources */,
				FE4015A123C48C20003779B6 /* newFoodViewController.swift in Sources */,
				978B9F1D23A9FC7C00B75E34 /* ReportViewController.swift in Sources */,
				FE86407A23B73AC5009F92C8 /* Diary.swift in Sources */,
				971C42C22397D0D100E249A8 /* PickerViewController.swift in Sources */,
				FEB8C54923C8584200EB5D48 /* detailFoodTableViewCell.swift in Sources */,
				9786625E23C6FBE800741B1B /* ActivityTableViewCell.swift in Sources */,
				FEB8C54723C8550000EB5D48 /* detailFoodViewController.swift in Sources */,
				9778A5012382B36800E93BA1 /* DiaryViewController.swift in Sources */,
				FE86407C23B73B75009F92C8 /* Activity.swift in Sources */,
				FE4015A823C72F98003779B6 /* CalendarVars.swift in Sources */,
				FE86407E23B73BFA009F92C8 /* Food.swift in Sources */,
				979607D7239257C4001A07B9 /* FoodTableViewCell.swift in Sources */,
				FEB8C55023C9A24A00EB5D48 /* RemindersViewController.swift in Sources */,
				9778A4F6237E9B1100E93BA1 /* mineralTableViewCell.swift in Sources */,
				FE86408423B73D59009F92C8 /* Restriction.swift in Sources */,
				9778A50B2382B64800E93BA1 /* FoodListTableViewCell.swift in Sources */,
				9778A4D6237E936500E93BA1 /* ViewController.swift in Sources */,
				FEB8C55223C9A26200EB5D48 /* RemindersTableViewCell.swift in Sources */,
				979607D323924DB2001A07B9 /* SearchViewController.swift in Sources */,
				971C42EF239DEB4200E249A8 /* helper.swift in Sources */,
				9786625B23C6FADA00741B1B /* ActivityViewController.swift in Sources */,
				978B9F2023A9FD9200B75E34 /* RegisterViewController.swift in Sources */,
				977CEF7E2394081D00B24AE6 /* SetFoodViewController.swift in Sources */,
				FE86408023B73C6A009F92C8 /* Nutrition.swift in Sources */,
				FE4015AA23C76B8B003779B6 /* CalendarCollectionViewCell.swift in Sources */,
				FE86407823B739FF009F92C8 /* Reminder.swift in Sources */,
				971C42ED239A4A3C00E249A8 /* Model.swift in Sources */,
				977CEF7C2394080F00B24AE6 /* SetFoodTableViewCell.swift in Sources */,
				FEB8C55723CC677C00EB5D48 /* PantanganMakananTableViewCell.swift in Sources */,
				FE4015A323C48F4E003779B6 /* newFoodTableViewCell.swift in Sources */,
				974E3DB623D6EA56007A7A6E /* LoginViewController.swift in Sources */,
				9778A4D2237E936500E93BA1 /* AppDelegate.swift in Sources */,
				9778A4DC237E936500E93BA1 /* NutriMe_Project.xcdatamodeld in Sources */,
				9778A4EE237E978E00E93BA1 /* rekomendasiTableViewCell.swift in Sources */,
				FE86408223B73CE0009F92C8 /* Report.swift in Sources */,
				FEB8C55523CC676500EB5D48 /* PantanganMakananViewController.swift in Sources */,
				974E3DBB23D94067007A7A6E /* ConnectionCheck.swift in Sources */,
				FEB8C54D23C87A4700EB5D48 /* EditProfileTableViewCell.swift in Sources */,
				9778A4F2237E99A200E93BA1 /* giziTableViewCell.swift in Sources */,
				974E3DB923D7FC00007A7A6E /* RecomendationViewController.swift in Sources */,
				974E3DB423D17601007A7A6E /* DatabaseNutriMe.swift in Sources */,
				9778A4D4237E936500E93BA1 /* SceneDelegate.swift in Sources */,
				FEB8C54B23C87A0C00EB5D48 /* editProfileViewController.swift in Sources */,
				FE86407623B724DB009F92C8 /* User.swift in Sources */,
			);
			runOnlyForDeploymentPostprocessing = 0;
		};
/* End PBXSourcesBuildPhase section */

/* Begin PBXVariantGroup section */
		9778A4D7237E936500E93BA1 /* Main.storyboard */ = {
			isa = PBXVariantGroup;
			children = (
				9778A4D8237E936500E93BA1 /* Base */,
			);
			name = Main.storyboard;
			sourceTree = "<group>";
		};
		9778A4DF237E936900E93BA1 /* LaunchScreen.storyboard */ = {
			isa = PBXVariantGroup;
			children = (
				9778A4E0237E936900E93BA1 /* Base */,
			);
			name = LaunchScreen.storyboard;
			sourceTree = "<group>";
		};
/* End PBXVariantGroup section */

/* Begin XCBuildConfiguration section */
		9778A4E3237E936900E93BA1 /* Debug */ = {
			isa = XCBuildConfiguration;
			buildSettings = {
				ALWAYS_SEARCH_USER_PATHS = NO;
				CLANG_ANALYZER_NONNULL = YES;
				CLANG_ANALYZER_NUMBER_OBJECT_CONVERSION = YES_AGGRESSIVE;
				CLANG_CXX_LANGUAGE_STANDARD = "gnu++14";
				CLANG_CXX_LIBRARY = "libc++";
				CLANG_ENABLE_MODULES = YES;
				CLANG_ENABLE_OBJC_ARC = YES;
				CLANG_ENABLE_OBJC_WEAK = YES;
				CLANG_WARN_BLOCK_CAPTURE_AUTORELEASING = YES;
				CLANG_WARN_BOOL_CONVERSION = YES;
				CLANG_WARN_COMMA = YES;
				CLANG_WARN_CONSTANT_CONVERSION = YES;
				CLANG_WARN_DEPRECATED_OBJC_IMPLEMENTATIONS = YES;
				CLANG_WARN_DIRECT_OBJC_ISA_USAGE = YES_ERROR;
				CLANG_WARN_DOCUMENTATION_COMMENTS = YES;
				CLANG_WARN_EMPTY_BODY = YES;
				CLANG_WARN_ENUM_CONVERSION = YES;
				CLANG_WARN_INFINITE_RECURSION = YES;
				CLANG_WARN_INT_CONVERSION = YES;
				CLANG_WARN_NON_LITERAL_NULL_CONVERSION = YES;
				CLANG_WARN_OBJC_IMPLICIT_RETAIN_SELF = YES;
				CLANG_WARN_OBJC_LITERAL_CONVERSION = YES;
				CLANG_WARN_OBJC_ROOT_CLASS = YES_ERROR;
				CLANG_WARN_RANGE_LOOP_ANALYSIS = YES;
				CLANG_WARN_STRICT_PROTOTYPES = YES;
				CLANG_WARN_SUSPICIOUS_MOVE = YES;
				CLANG_WARN_UNGUARDED_AVAILABILITY = YES_AGGRESSIVE;
				CLANG_WARN_UNREACHABLE_CODE = YES;
				CLANG_WARN__DUPLICATE_METHOD_MATCH = YES;
				COPY_PHASE_STRIP = NO;
				DEBUG_INFORMATION_FORMAT = dwarf;
				ENABLE_STRICT_OBJC_MSGSEND = YES;
				ENABLE_TESTABILITY = YES;
				GCC_C_LANGUAGE_STANDARD = gnu11;
				GCC_DYNAMIC_NO_PIC = NO;
				GCC_NO_COMMON_BLOCKS = YES;
				GCC_OPTIMIZATION_LEVEL = 0;
				GCC_PREPROCESSOR_DEFINITIONS = (
					"DEBUG=1",
					"$(inherited)",
				);
				GCC_WARN_64_TO_32_BIT_CONVERSION = YES;
				GCC_WARN_ABOUT_RETURN_TYPE = YES_ERROR;
				GCC_WARN_UNDECLARED_SELECTOR = YES;
				GCC_WARN_UNINITIALIZED_AUTOS = YES_AGGRESSIVE;
				GCC_WARN_UNUSED_FUNCTION = YES;
				GCC_WARN_UNUSED_VARIABLE = YES;
				IPHONEOS_DEPLOYMENT_TARGET = 13.2;
				MTL_ENABLE_DEBUG_INFO = INCLUDE_SOURCE;
				MTL_FAST_MATH = YES;
				ONLY_ACTIVE_ARCH = YES;
				SDKROOT = iphoneos;
				SWIFT_ACTIVE_COMPILATION_CONDITIONS = DEBUG;
				SWIFT_OPTIMIZATION_LEVEL = "-Onone";
			};
			name = Debug;
		};
		9778A4E4237E936900E93BA1 /* Release */ = {
			isa = XCBuildConfiguration;
			buildSettings = {
				ALWAYS_SEARCH_USER_PATHS = NO;
				CLANG_ANALYZER_NONNULL = YES;
				CLANG_ANALYZER_NUMBER_OBJECT_CONVERSION = YES_AGGRESSIVE;
				CLANG_CXX_LANGUAGE_STANDARD = "gnu++14";
				CLANG_CXX_LIBRARY = "libc++";
				CLANG_ENABLE_MODULES = YES;
				CLANG_ENABLE_OBJC_ARC = YES;
				CLANG_ENABLE_OBJC_WEAK = YES;
				CLANG_WARN_BLOCK_CAPTURE_AUTORELEASING = YES;
				CLANG_WARN_BOOL_CONVERSION = YES;
				CLANG_WARN_COMMA = YES;
				CLANG_WARN_CONSTANT_CONVERSION = YES;
				CLANG_WARN_DEPRECATED_OBJC_IMPLEMENTATIONS = YES;
				CLANG_WARN_DIRECT_OBJC_ISA_USAGE = YES_ERROR;
				CLANG_WARN_DOCUMENTATION_COMMENTS = YES;
				CLANG_WARN_EMPTY_BODY = YES;
				CLANG_WARN_ENUM_CONVERSION = YES;
				CLANG_WARN_INFINITE_RECURSION = YES;
				CLANG_WARN_INT_CONVERSION = YES;
				CLANG_WARN_NON_LITERAL_NULL_CONVERSION = YES;
				CLANG_WARN_OBJC_IMPLICIT_RETAIN_SELF = YES;
				CLANG_WARN_OBJC_LITERAL_CONVERSION = YES;
				CLANG_WARN_OBJC_ROOT_CLASS = YES_ERROR;
				CLANG_WARN_RANGE_LOOP_ANALYSIS = YES;
				CLANG_WARN_STRICT_PROTOTYPES = YES;
				CLANG_WARN_SUSPICIOUS_MOVE = YES;
				CLANG_WARN_UNGUARDED_AVAILABILITY = YES_AGGRESSIVE;
				CLANG_WARN_UNREACHABLE_CODE = YES;
				CLANG_WARN__DUPLICATE_METHOD_MATCH = YES;
				COPY_PHASE_STRIP = NO;
				DEBUG_INFORMATION_FORMAT = "dwarf-with-dsym";
				ENABLE_NS_ASSERTIONS = NO;
				ENABLE_STRICT_OBJC_MSGSEND = YES;
				GCC_C_LANGUAGE_STANDARD = gnu11;
				GCC_NO_COMMON_BLOCKS = YES;
				GCC_WARN_64_TO_32_BIT_CONVERSION = YES;
				GCC_WARN_ABOUT_RETURN_TYPE = YES_ERROR;
				GCC_WARN_UNDECLARED_SELECTOR = YES;
				GCC_WARN_UNINITIALIZED_AUTOS = YES_AGGRESSIVE;
				GCC_WARN_UNUSED_FUNCTION = YES;
				GCC_WARN_UNUSED_VARIABLE = YES;
				IPHONEOS_DEPLOYMENT_TARGET = 13.2;
				MTL_ENABLE_DEBUG_INFO = NO;
				MTL_FAST_MATH = YES;
				SDKROOT = iphoneos;
				SWIFT_COMPILATION_MODE = wholemodule;
				SWIFT_OPTIMIZATION_LEVEL = "-O";
				VALIDATE_PRODUCT = YES;
			};
			name = Release;
		};
		9778A4E6237E936900E93BA1 /* Debug */ = {
			isa = XCBuildConfiguration;
			baseConfigurationReference = 75D184E2C6E557E63DDF3C1E /* Pods-NutriMe Project.debug.xcconfig */;
			buildSettings = {
				ASSETCATALOG_COMPILER_APPICON_NAME = AppIcon;
				CODE_SIGN_ENTITLEMENTS = "NutriMe Project/NutriMe Project.entitlements";
				CODE_SIGN_STYLE = Automatic;
				DEVELOPMENT_TEAM = MZRSNJ29G3;
				INFOPLIST_FILE = "NutriMe Project/Info.plist";
				LD_RUNPATH_SEARCH_PATHS = (
					"$(inherited)",
					"@executable_path/Frameworks",
				);
				PRODUCT_BUNDLE_IDENTIFIER = NutriMe;
				PRODUCT_NAME = "$(TARGET_NAME)";
				SWIFT_VERSION = 5.0;
				TARGETED_DEVICE_FAMILY = "1,2";
			};
			name = Debug;
		};
		9778A4E7237E936900E93BA1 /* Release */ = {
			isa = XCBuildConfiguration;
			baseConfigurationReference = EB610ED262DEADA7B4A20417 /* Pods-NutriMe Project.release.xcconfig */;
			buildSettings = {
				ASSETCATALOG_COMPILER_APPICON_NAME = AppIcon;
				CODE_SIGN_ENTITLEMENTS = "NutriMe Project/NutriMe Project.entitlements";
				CODE_SIGN_STYLE = Automatic;
				DEVELOPMENT_TEAM = MZRSNJ29G3;
				INFOPLIST_FILE = "NutriMe Project/Info.plist";
				LD_RUNPATH_SEARCH_PATHS = (
					"$(inherited)",
					"@executable_path/Frameworks",
				);
				PRODUCT_BUNDLE_IDENTIFIER = NutriMe;
				PRODUCT_NAME = "$(TARGET_NAME)";
				SWIFT_VERSION = 5.0;
				TARGETED_DEVICE_FAMILY = "1,2";
			};
			name = Release;
		};
/* End XCBuildConfiguration section */

/* Begin XCConfigurationList section */
		9778A4C9237E936500E93BA1 /* Build configuration list for PBXProject "NutriMe Project" */ = {
			isa = XCConfigurationList;
			buildConfigurations = (
				9778A4E3237E936900E93BA1 /* Debug */,
				9778A4E4237E936900E93BA1 /* Release */,
			);
			defaultConfigurationIsVisible = 0;
			defaultConfigurationName = Release;
		};
		9778A4E5237E936900E93BA1 /* Build configuration list for PBXNativeTarget "NutriMe Project" */ = {
			isa = XCConfigurationList;
			buildConfigurations = (
				9778A4E6237E936900E93BA1 /* Debug */,
				9778A4E7237E936900E93BA1 /* Release */,
			);
			defaultConfigurationIsVisible = 0;
			defaultConfigurationName = Release;
		};
/* End XCConfigurationList section */

/* Begin XCVersionGroup section */
		9778A4DA237E936500E93BA1 /* NutriMe_Project.xcdatamodeld */ = {
			isa = XCVersionGroup;
			children = (
				9778A4DB237E936500E93BA1 /* NutriMe_Project.xcdatamodel */,
			);
			currentVersion = 9778A4DB237E936500E93BA1 /* NutriMe_Project.xcdatamodel */;
			path = NutriMe_Project.xcdatamodeld;
			sourceTree = "<group>";
			versionGroupType = wrapper.xcdatamodel;
		};
/* End XCVersionGroup section */
	};
	rootObject = 9778A4C6237E936500E93BA1 /* Project object */;
}
